<?xml version="1.0" encoding="utf-8"?>
<Project ToolsVersion="4.0" xmlns="http://schemas.microsoft.com/developer/msbuild/2003">
  <ItemGroup>
    <Filter Include="Source Files">
      <UniqueIdentifier>{4FC737F1-C7A5-4376-A066-2A32D752A2FF}</UniqueIdentifier>
      <Extensions>cpp;c;cc;cxx;c++;cppm;ixx;def;odl;idl;hpj;bat;asm;asmx</Extensions>
    </Filter>
    <Filter Include="Header Files">
      <UniqueIdentifier>{93995380-89BD-4b04-88EB-625FBE52EBFB}</UniqueIdentifier>
      <Extensions>h;hh;hpp;hxx;h++;hm;inl;inc;ipp;xsd</Extensions>
    </Filter>
    <Filter Include="Resource Files">
      <UniqueIdentifier>{67DA6AB6-F800-4c08-8B7A-83BB121AAD01}</UniqueIdentifier>
      <Extensions>rc;ico;cur;bmp;dlg;rc2;rct;bin;rgs;gif;jpg;jpeg;jpe;resx;tiff;tif;png;wav;mfcribbon-ms</Extensions>
    </Filter>
    <Filter Include="src">
      <UniqueIdentifier>{1a90a043-3a9f-464f-b3bb-dac73b16ed56}</UniqueIdentifier>
    </Filter>
    <Filter Include="src\graphics">
      <UniqueIdentifier>{786e8f0b-65f1-44e5-86ea-a89c2fd231d6}</UniqueIdentifier>
    </Filter>
  </ItemGroup>
  <ItemGroup>
    <ClCompile Include="LegitEngineCore\src\Components\mat4.cpp">
      <Filter>Source Files</Filter>
    </ClCompile>
    <ClCompile Include="LegitEngineCore\src\Components\vec2.cpp">
      <Filter>Source Files</Filter>
    </ClCompile>
    <ClCompile Include="LegitEngineCore\src\Components\vec3.cpp">
      <Filter>Source Files</Filter>
    </ClCompile>
    <ClCompile Include="LegitEngineCore\src\Components\vec4.cpp">
      <Filter>Source Files</Filter>
    </ClCompile>
    <ClCompile Include="LegitEngineCore\src\core\application.cpp">
      <Filter>Source Files</Filter>
    </ClCompile>
    <ClCompile Include="LegitEngineCore\src\game_assets\entity.cpp">
      <Filter>Source Files</Filter>
    </ClCompile>
    <ClCompile Include="LegitEngineCore\src\graphics\Buffers\buffer.cpp">
      <Filter>Source Files</Filter>
    </ClCompile>
    <ClCompile Include="LegitEngineCore\src\graphics\Buffers\indexbuffer.cpp">
      <Filter>Source Files</Filter>
    </ClCompile>
    <ClCompile Include="LegitEngineCore\src\graphics\Buffers\vertexarray.cpp">
      <Filter>Source Files</Filter>
    </ClCompile>
    <ClCompile Include="LegitEngineCore\src\graphics\Renderables\batchrenderer2d.cpp">
      <Filter>Source Files</Filter>
    </ClCompile>
    <ClCompile Include="LegitEngineCore\src\graphics\Renderables\renderer2d.h">
      <Filter>Source Files</Filter>
    </ClCompile>
    <ClCompile Include="LegitEngineCore\src\graphics\Renderables\sprite.cpp">
      <Filter>Source Files</Filter>
    </ClCompile>
    <ClCompile Include="LegitEngineCore\src\graphics\Renderables\texture.cpp">
      <Filter>Source Files</Filter>
    </ClCompile>
    <ClCompile Include="LegitEngineCore\src\graphics\window.cpp">
      <Filter>src\graphics</Filter>
    </ClCompile>
    <ClCompile Include="LegitEngineCore\src\utils\ImGui\imgui.cpp">
      <Filter>Source Files</Filter>
    </ClCompile>
    <ClCompile Include="LegitEngineCore\src\utils\ImGui\imgui_demo.cpp">
      <Filter>Source Files</Filter>
    </ClCompile>
    <ClCompile Include="LegitEngineCore\src\utils\ImGui\imgui_draw.cpp">
      <Filter>Source Files</Filter>
    </ClCompile>
    <ClCompile Include="LegitEngineCore\src\utils\ImGui\imgui_impl_glfw.cpp">
      <Filter>Source Files</Filter>
    </ClCompile>
    <ClCompile Include="LegitEngineCore\src\utils\ImGui\imgui_impl_opengl3.cpp">
      <Filter>Source Files</Filter>
    </ClCompile>
    <ClCompile Include="LegitEngineCore\src\utils\ImGui\imgui_tables.cpp">
      <Filter>Source Files</Filter>
    </ClCompile>
    <ClCompile Include="LegitEngineCore\src\utils\ImGui\imgui_widgets.cpp">
      <Filter>Source Files</Filter>
    </ClCompile>
    <ClCompile Include="LegitEngineCore\src\utils\debug.cpp">
      <Filter>Source Files</Filter>
    </ClCompile>
    <ClCompile Include="LegitEngineCore\src\graphics\Shaders\shaders.cpp">
      <Filter>Source Files</Filter>
    </ClCompile>
    <ClCompile Include="LegitEngineCore\src\graphics\Renderables\pixelrenderer2d.cpp">
      <Filter>Source Files</Filter>
    </ClCompile>
    <ClCompile Include="sandbox.cpp">
      <Filter>Source Files</Filter>
    </ClCompile>
  </ItemGroup>
  <ItemGroup>
    <ClInclude Include="LegitEngineCore\src\Components\mat4.h">
      <Filter>Header Files</Filter>
    </ClInclude>
    <ClInclude Include="LegitEngineCore\src\Components\mat4_fwd.h">
      <Filter>Header Files</Filter>
    </ClInclude>
    <ClInclude Include="LegitEngineCore\src\Components\vec2.h">
      <Filter>Header Files</Filter>
    </ClInclude>
    <ClInclude Include="LegitEngineCore\src\Components\vec3.h">
      <Filter>Header Files</Filter>
    </ClInclude>
    <ClInclude Include="LegitEngineCore\src\Components\vec4.h">
      <Filter>Header Files</Filter>
    </ClInclude>
    <ClInclude Include="LegitEngineCore\src\core\application.h">
      <Filter>Header Files</Filter>
    </ClInclude>
    <ClInclude Include="LegitEngineCore\src\game_assets\entity.h">
      <Filter>Header Files</Filter>
    </ClInclude>
    <ClInclude Include="LegitEngineCore\src\graphics\Buffers\buffer.h">
      <Filter>Header Files</Filter>
    </ClInclude>
    <ClInclude Include="LegitEngineCore\src\graphics\Buffers\indexbuffer.h">
      <Filter>Header Files</Filter>
    </ClInclude>
    <ClInclude Include="LegitEngineCore\src\graphics\Buffers\vertexarray.h">
      <Filter>Header Files</Filter>
    </ClInclude>
    <ClInclude Include="LegitEngineCore\src\graphics\Renderables\batchrenderer2d.h">
      <Filter>Header Files</Filter>
    </ClInclude>
    <ClInclude Include="LegitEngineCore\src\graphics\Renderables\renderable2d.h">
      <Filter>Header Files</Filter>
    </ClInclude>
    <ClInclude Include="LegitEngineCore\src\graphics\Renderables\sprite.h">
      <Filter>Header Files</Filter>
    </ClInclude>
    <ClInclude Include="LegitEngineCore\src\graphics\Renderables\texture.h">
      <Filter>Header Files</Filter>
    </ClInclude>
    <ClInclude Include="LegitEngineCore\src\graphics\graphics_components.h">
      <Filter>Header Files</Filter>
    </ClInclude>
    <ClInclude Include="LegitEngineCore\src\graphics\window.h">
      <Filter>src\graphics</Filter>
    </ClInclude>
    <ClInclude Include="LegitEngineCore\src\input\input.h">
      <Filter>Header Files</Filter>
    </ClInclude>
    <ClInclude Include="LegitEngineCore\src\utils\ImGui\imconfig.h">
      <Filter>Header Files</Filter>
    </ClInclude>
    <ClInclude Include="LegitEngineCore\src\utils\ImGui\imgui.h">
      <Filter>Header Files</Filter>
    </ClInclude>
    <ClInclude Include="LegitEngineCore\src\utils\ImGui\imgui_impl_glfw.h">
      <Filter>Header Files</Filter>
    </ClInclude>
    <ClInclude Include="LegitEngineCore\src\utils\ImGui\imgui_impl_opengl3.h">
      <Filter>Header Files</Filter>
    </ClInclude>
    <ClInclude Include="LegitEngineCore\src\utils\ImGui\imgui_internal.h">
      <Filter>Header Files</Filter>
    </ClInclude>
    <ClInclude Include="LegitEngineCore\src\utils\ImGui\imstb_rectpack.h">
      <Filter>Header Files</Filter>
    </ClInclude>
    <ClInclude Include="LegitEngineCore\src\utils\ImGui\imstb_textedit.h">
      <Filter>Header Files</Filter>
    </ClInclude>
    <ClInclude Include="LegitEngineCore\src\utils\ImGui\imstb_truetype.h">
      <Filter>Header Files</Filter>
    </ClInclude>
    <ClInclude Include="LegitEngineCore\src\utils\StbImage\stb_image.h">
      <Filter>Header Files</Filter>
    </ClInclude>
    <ClInclude Include="LegitEngineCore\src\utils\StbImage\stb_image_include.h">
      <Filter>Header Files</Filter>
    </ClInclude>
    <ClInclude Include="LegitEngineCore\src\utils\debug.h">
      <Filter>Header Files</Filter>
    </ClInclude>
    <ClInclude Include="LegitEngineCore\legit_engine.h">
      <Filter>Header Files</Filter>
    </ClInclude>
    <ClInclude Include="LegitEngineCore\src\graphics\Shaders\shaders.h">
      <Filter>Header Files</Filter>
    </ClInclude>
    <ClInclude Include="LegitEngineCore\src\graphics\Renderables\pixelrenderer2d.h">
      <Filter>Header Files</Filter>
    </ClInclude>
    <ClInclude Include="LegitEngineCore\src\Components\mathlib.h">
      <Filter>Header Files</Filter>
    </ClInclude>
  </ItemGroup>
  <ItemGroup>
    <None Include="res\Shaders\basic.shader" />
    <None Include="res\Shaders\fancy_shader.shader" />
    <None Include="res\Shaders\light.shader" />
  </ItemGroup>
</Project>